// !$*UTF8*$!
{
	archiveVersion = 1;
	classes = {
	};
	objectVersion = 51;
	objects = {

/* Begin PBXBuildFile section */
		5F2A41EF25976729001E6909 /* ResultCell.swift in Sources */ = {isa = PBXBuildFile; fileRef = 5F2A41EE25976729001E6909 /* ResultCell.swift */; };
		5F2A41FB259799D9001E6909 /* SummaryRouter.swift in Sources */ = {isa = PBXBuildFile; fileRef = 5F2A41FA259799D9001E6909 /* SummaryRouter.swift */; };
		5F8D298E259AD4830024DA22 /* Category.swift in Sources */ = {isa = PBXBuildFile; fileRef = 5F8D298D259AD4830024DA22 /* Category.swift */; };
		5F8D2991259AD50F0024DA22 /* QuizRef.swift in Sources */ = {isa = PBXBuildFile; fileRef = 5F8D2990259AD50F0024DA22 /* QuizRef.swift */; };
		5F916ACF25952885008E7FB9 /* AppDelegate.swift in Sources */ = {isa = PBXBuildFile; fileRef = 5F916ACE25952885008E7FB9 /* AppDelegate.swift */; };
		5F916AD125952885008E7FB9 /* SceneDelegate.swift in Sources */ = {isa = PBXBuildFile; fileRef = 5F916AD025952885008E7FB9 /* SceneDelegate.swift */; };
		5F916AD825952887008E7FB9 /* Assets.xcassets in Resources */ = {isa = PBXBuildFile; fileRef = 5F916AD725952887008E7FB9 /* Assets.xcassets */; };
		5F916ADB25952887008E7FB9 /* LaunchScreen.storyboard in Resources */ = {isa = PBXBuildFile; fileRef = 5F916AD925952887008E7FB9 /* LaunchScreen.storyboard */; };
		5F916B1325952985008E7FB9 /* FormRouter.swift in Sources */ = {isa = PBXBuildFile; fileRef = 5F916B0425952985008E7FB9 /* FormRouter.swift */; };
		5F916B1425952985008E7FB9 /* FormModels.swift in Sources */ = {isa = PBXBuildFile; fileRef = 5F916B0525952985008E7FB9 /* FormModels.swift */; };
		5F916B1525952985008E7FB9 /* FormInteractor.swift in Sources */ = {isa = PBXBuildFile; fileRef = 5F916B0625952985008E7FB9 /* FormInteractor.swift */; };
		5F916B1625952985008E7FB9 /* FormViewController.swift in Sources */ = {isa = PBXBuildFile; fileRef = 5F916B0725952985008E7FB9 /* FormViewController.swift */; };
		5F916B1725952985008E7FB9 /* FormPresenter.swift in Sources */ = {isa = PBXBuildFile; fileRef = 5F916B0825952985008E7FB9 /* FormPresenter.swift */; };
		5F916B1825952985008E7FB9 /* SegmentedCell.swift in Sources */ = {isa = PBXBuildFile; fileRef = 5F916B0A25952985008E7FB9 /* SegmentedCell.swift */; };
		5F916B1925952985008E7FB9 /* TextInputCell.swift in Sources */ = {isa = PBXBuildFile; fileRef = 5F916B0B25952985008E7FB9 /* TextInputCell.swift */; };
		5F916B1A25952985008E7FB9 /* StateCell.swift in Sources */ = {isa = PBXBuildFile; fileRef = 5F916B0C25952985008E7FB9 /* StateCell.swift */; };
		5F916B1B25952985008E7FB9 /* BasicCell.swift in Sources */ = {isa = PBXBuildFile; fileRef = 5F916B0D25952985008E7FB9 /* BasicCell.swift */; };
		5F916B1C25952985008E7FB9 /* SecureInputCell.swift in Sources */ = {isa = PBXBuildFile; fileRef = 5F916B0E25952985008E7FB9 /* SecureInputCell.swift */; };
		5F916B1D25952985008E7FB9 /* TextCell.swift in Sources */ = {isa = PBXBuildFile; fileRef = 5F916B0F25952985008E7FB9 /* TextCell.swift */; };
		5F916B1E25952985008E7FB9 /* ButtonCell.swift in Sources */ = {isa = PBXBuildFile; fileRef = 5F916B1025952985008E7FB9 /* ButtonCell.swift */; };
		5F916B1F25952985008E7FB9 /* SwitcherCell.swift in Sources */ = {isa = PBXBuildFile; fileRef = 5F916B1125952985008E7FB9 /* SwitcherCell.swift */; };
		5F916B33259529AD008E7FB9 /* Font.swift in Sources */ = {isa = PBXBuildFile; fileRef = 5F916B25259529AD008E7FB9 /* Font.swift */; };
		5F916B34259529AD008E7FB9 /* Colors.swift in Sources */ = {isa = PBXBuildFile; fileRef = 5F916B26259529AD008E7FB9 /* Colors.swift */; };
		5F916B35259529AD008E7FB9 /* Bundle+Internationalization.swift in Sources */ = {isa = PBXBuildFile; fileRef = 5F916B29259529AD008E7FB9 /* Bundle+Internationalization.swift */; };
		5F916B36259529AD008E7FB9 /* String+UppercaseFirst.swift in Sources */ = {isa = PBXBuildFile; fileRef = 5F916B2A259529AD008E7FB9 /* String+UppercaseFirst.swift */; };
		5F916B37259529AD008E7FB9 /* UIViewController+Alert.swift in Sources */ = {isa = PBXBuildFile; fileRef = 5F916B2B259529AD008E7FB9 /* UIViewController+Alert.swift */; };
		5F916B38259529AD008E7FB9 /* String+QR.swift in Sources */ = {isa = PBXBuildFile; fileRef = 5F916B2C259529AD008E7FB9 /* String+QR.swift */; };
		5F916B39259529AD008E7FB9 /* UINavigationController+PopCompletion.swift in Sources */ = {isa = PBXBuildFile; fileRef = 5F916B2D259529AD008E7FB9 /* UINavigationController+PopCompletion.swift */; };
		5F916B3A259529AD008E7FB9 /* Date+String.swift in Sources */ = {isa = PBXBuildFile; fileRef = 5F916B2E259529AD008E7FB9 /* Date+String.swift */; };
		5F916B3B259529AD008E7FB9 /* String+Internationalization.swift in Sources */ = {isa = PBXBuildFile; fileRef = 5F916B2F259529AD008E7FB9 /* String+Internationalization.swift */; };
		5F916B3C259529AD008E7FB9 /* Notification+Name.swift in Sources */ = {isa = PBXBuildFile; fileRef = 5F916B30259529AD008E7FB9 /* Notification+Name.swift */; };
		5F916B3D259529AD008E7FB9 /* UISystem.swift in Sources */ = {isa = PBXBuildFile; fileRef = 5F916B32259529AD008E7FB9 /* UISystem.swift */; };
		5F916B41259529D1008E7FB9 /* Action.swift in Sources */ = {isa = PBXBuildFile; fileRef = 5F916B3F259529D1008E7FB9 /* Action.swift */; };
		5F916B42259529D1008E7FB9 /* Message.swift in Sources */ = {isa = PBXBuildFile; fileRef = 5F916B40259529D1008E7FB9 /* Message.swift */; };
		5F916B45259529F6008E7FB9 /* LanguageManager.swift in Sources */ = {isa = PBXBuildFile; fileRef = 5F916B44259529F6008E7FB9 /* LanguageManager.swift */; };
		5F916B4F25952A73008E7FB9 /* QuestionViewController.swift in Sources */ = {isa = PBXBuildFile; fileRef = 5F916B4925952A72008E7FB9 /* QuestionViewController.swift */; };
		5F916B5025952A73008E7FB9 /* QuestionRouter.swift in Sources */ = {isa = PBXBuildFile; fileRef = 5F916B4A25952A73008E7FB9 /* QuestionRouter.swift */; };
		5F916B5125952A73008E7FB9 /* QuestionPresenter.swift in Sources */ = {isa = PBXBuildFile; fileRef = 5F916B4B25952A73008E7FB9 /* QuestionPresenter.swift */; };
		5F916B5225952A73008E7FB9 /* QuestionInteractor.swift in Sources */ = {isa = PBXBuildFile; fileRef = 5F916B4C25952A73008E7FB9 /* QuestionInteractor.swift */; };
		5F916B5325952A73008E7FB9 /* QuestionsModels.swift in Sources */ = {isa = PBXBuildFile; fileRef = 5F916B4D25952A73008E7FB9 /* QuestionsModels.swift */; };
		5F916B5425952A73008E7FB9 /* QuestionWorker.swift in Sources */ = {isa = PBXBuildFile; fileRef = 5F916B4E25952A73008E7FB9 /* QuestionWorker.swift */; };
		5F916B6125952EB6008E7FB9 /* Quiz.swift in Sources */ = {isa = PBXBuildFile; fileRef = 5F916B6025952EB6008E7FB9 /* Quiz.swift */; };
		5F916B6525952ED3008E7FB9 /* Question.swift in Sources */ = {isa = PBXBuildFile; fileRef = 5F916B6425952ED3008E7FB9 /* Question.swift */; };
		5F916B6925952F52008E7FB9 /* Choices.swift in Sources */ = {isa = PBXBuildFile; fileRef = 5F916B6825952F52008E7FB9 /* Choices.swift */; };
		5F916B7C259566F2008E7FB9 /* QuizzWorker.swift in Sources */ = {isa = PBXBuildFile; fileRef = 5F916B7B259566F2008E7FB9 /* QuizzWorker.swift */; };
		5F916B8025956D1D008E7FB9 /* ChoicesType.swift in Sources */ = {isa = PBXBuildFile; fileRef = 5F916B7F25956D1D008E7FB9 /* ChoicesType.swift */; };
		5F916B8525958330008E7FB9 /* NextQuestionResult.swift in Sources */ = {isa = PBXBuildFile; fileRef = 5F916B8425958330008E7FB9 /* NextQuestionResult.swift */; };
		5F916B88259585FE008E7FB9 /* MultipleChoices.swift in Sources */ = {isa = PBXBuildFile; fileRef = 5F916B87259585FE008E7FB9 /* MultipleChoices.swift */; };
		5F916B8B2595861A008E7FB9 /* SingleChoices.swift in Sources */ = {isa = PBXBuildFile; fileRef = 5F916B8A2595861A008E7FB9 /* SingleChoices.swift */; };
		5F916B9125959624008E7FB9 /* SummaryViewController.swift in Sources */ = {isa = PBXBuildFile; fileRef = 5F916B9025959624008E7FB9 /* SummaryViewController.swift */; };
		5F916B95259596C9008E7FB9 /* SummaryInteractor.swift in Sources */ = {isa = PBXBuildFile; fileRef = 5F916B94259596C9008E7FB9 /* SummaryInteractor.swift */; };
		5F916B98259596E2008E7FB9 /* SummaryPresenter.swift in Sources */ = {isa = PBXBuildFile; fileRef = 5F916B97259596E2008E7FB9 /* SummaryPresenter.swift */; };
		5F916B9B259597AF008E7FB9 /* SummaryModels.swift in Sources */ = {isa = PBXBuildFile; fileRef = 5F916B9A259597AF008E7FB9 /* SummaryModels.swift */; };
		5F916B9E25959B90008E7FB9 /* SummaryWorker.swift in Sources */ = {isa = PBXBuildFile; fileRef = 5F916B9D25959B90008E7FB9 /* SummaryWorker.swift */; };
		5F916BA125959CF8008E7FB9 /* Rightness.swift in Sources */ = {isa = PBXBuildFile; fileRef = 5F916BA025959CF8008E7FB9 /* Rightness.swift */; };
		5F916BA42595A969008E7FB9 /* Choice.swift in Sources */ = {isa = PBXBuildFile; fileRef = 5F916BA32595A969008E7FB9 /* Choice.swift */; };
		5F916BA72595A9C0008E7FB9 /* Aggregable.swift in Sources */ = {isa = PBXBuildFile; fileRef = 5F916BA62595A9C0008E7FB9 /* Aggregable.swift */; };
		5F916BAA2595A9DF008E7FB9 /* Proceedable.swift in Sources */ = {isa = PBXBuildFile; fileRef = 5F916BA92595A9DF008E7FB9 /* Proceedable.swift */; };
		5F916BAE2595AA04008E7FB9 /* Answerable.swift in Sources */ = {isa = PBXBuildFile; fileRef = 5F916BAD2595AA04008E7FB9 /* Answerable.swift */; };
		5F916BB22595AA87008E7FB9 /* Verifiable.swift in Sources */ = {isa = PBXBuildFile; fileRef = 5F916BB12595AA87008E7FB9 /* Verifiable.swift */; };
		5F916BB52595BC05008E7FB9 /* Summary.swift in Sources */ = {isa = PBXBuildFile; fileRef = 5F916BB42595BC05008E7FB9 /* Summary.swift */; };
		5F916BBA25964E28008E7FB9 /* CategoriesViewController.swift in Sources */ = {isa = PBXBuildFile; fileRef = 5F916BB925964E28008E7FB9 /* CategoriesViewController.swift */; };
		5F916BBE25964E89008E7FB9 /* CategoriesModels.swift in Sources */ = {isa = PBXBuildFile; fileRef = 5F916BBD25964E89008E7FB9 /* CategoriesModels.swift */; };
		5F916BC225964EC8008E7FB9 /* CategoriesInteractor.swift in Sources */ = {isa = PBXBuildFile; fileRef = 5F916BC125964EC8008E7FB9 /* CategoriesInteractor.swift */; };
		5F916BC82596502F008E7FB9 /* CategoriesRouter.swift in Sources */ = {isa = PBXBuildFile; fileRef = 5F916BC72596502F008E7FB9 /* CategoriesRouter.swift */; };
		5F916BCB25965142008E7FB9 /* CategoriesWorker.swift in Sources */ = {isa = PBXBuildFile; fileRef = 5F916BCA25965142008E7FB9 /* CategoriesWorker.swift */; };
		5FB53984259B4C5E00EDE27F /* CategoriesPresenter.swift in Sources */ = {isa = PBXBuildFile; fileRef = 5FB53983259B4C5E00EDE27F /* CategoriesPresenter.swift */; };
		5FB5398C259B4D7200EDE27F /* QuizzesViewController.swift in Sources */ = {isa = PBXBuildFile; fileRef = 5FB5398B259B4D7200EDE27F /* QuizzesViewController.swift */; };
		5FB53991259B4DC400EDE27F /* QuizzesModels.swift in Sources */ = {isa = PBXBuildFile; fileRef = 5FB53990259B4DC400EDE27F /* QuizzesModels.swift */; };
		5FB53995259B4F0800EDE27F /* QuizzesInteractor.swift in Sources */ = {isa = PBXBuildFile; fileRef = 5FB53994259B4F0800EDE27F /* QuizzesInteractor.swift */; };
		5FB53998259B4F2300EDE27F /* QuizzesRouter.swift in Sources */ = {isa = PBXBuildFile; fileRef = 5FB53997259B4F2300EDE27F /* QuizzesRouter.swift */; };
		5FB5399B259B4F5400EDE27F /* QuizzesPresenter.swift in Sources */ = {isa = PBXBuildFile; fileRef = 5FB5399A259B4F5400EDE27F /* QuizzesPresenter.swift */; };
		5FB5399E259B526E00EDE27F /* QuizzesWorker.swift in Sources */ = {isa = PBXBuildFile; fileRef = 5FB5399D259B526E00EDE27F /* QuizzesWorker.swift */; };
		5FB539A4259CD28800EDE27F /* Settings.swift in Sources */ = {isa = PBXBuildFile; fileRef = 5FB539A3259CD28800EDE27F /* Settings.swift */; };
		5FBBA04325984F3000603CDC /* QuestionCell.swift in Sources */ = {isa = PBXBuildFile; fileRef = 5FBBA04225984F3000603CDC /* QuestionCell.swift */; };
		F71CCF346B896443BF41F633 /* Pods_QuizzFramework.framework in Frameworks */ = {isa = PBXBuildFile; fileRef = 9CC9478FD4BDA353CD8E4D79 /* Pods_QuizzFramework.framework */; };
/* End PBXBuildFile section */

/* Begin PBXFileReference section */
		2B96A656A4B470EF467574DD /* Pods-QuizzFramework.release.xcconfig */ = {isa = PBXFileReference; includeInIndex = 1; lastKnownFileType = text.xcconfig; name = "Pods-QuizzFramework.release.xcconfig"; path = "Target Support Files/Pods-QuizzFramework/Pods-QuizzFramework.release.xcconfig"; sourceTree = "<group>"; };
		5F2A41EE25976729001E6909 /* ResultCell.swift */ = {isa = PBXFileReference; lastKnownFileType = sourcecode.swift; path = ResultCell.swift; sourceTree = "<group>"; };
		5F2A41FA259799D9001E6909 /* SummaryRouter.swift */ = {isa = PBXFileReference; lastKnownFileType = sourcecode.swift; path = SummaryRouter.swift; sourceTree = "<group>"; };
		5F8D298D259AD4830024DA22 /* Category.swift */ = {isa = PBXFileReference; lastKnownFileType = sourcecode.swift; path = Category.swift; sourceTree = "<group>"; };
		5F8D2990259AD50F0024DA22 /* QuizRef.swift */ = {isa = PBXFileReference; lastKnownFileType = sourcecode.swift; path = QuizRef.swift; sourceTree = "<group>"; };
		5F916ACB25952885008E7FB9 /* QuizzFramework.app */ = {isa = PBXFileReference; explicitFileType = wrapper.application; includeInIndex = 0; path = QuizzFramework.app; sourceTree = BUILT_PRODUCTS_DIR; };
		5F916ACE25952885008E7FB9 /* AppDelegate.swift */ = {isa = PBXFileReference; lastKnownFileType = sourcecode.swift; path = AppDelegate.swift; sourceTree = "<group>"; };
		5F916AD025952885008E7FB9 /* SceneDelegate.swift */ = {isa = PBXFileReference; lastKnownFileType = sourcecode.swift; path = SceneDelegate.swift; sourceTree = "<group>"; };
		5F916AD725952887008E7FB9 /* Assets.xcassets */ = {isa = PBXFileReference; lastKnownFileType = folder.assetcatalog; path = Assets.xcassets; sourceTree = "<group>"; };
		5F916ADA25952887008E7FB9 /* Base */ = {isa = PBXFileReference; lastKnownFileType = file.storyboard; name = Base; path = Base.lproj/LaunchScreen.storyboard; sourceTree = "<group>"; };
		5F916ADC25952887008E7FB9 /* Info.plist */ = {isa = PBXFileReference; lastKnownFileType = text.plist.xml; path = Info.plist; sourceTree = "<group>"; };
		5F916B0425952985008E7FB9 /* FormRouter.swift */ = {isa = PBXFileReference; fileEncoding = 4; lastKnownFileType = sourcecode.swift; path = FormRouter.swift; sourceTree = "<group>"; };
		5F916B0525952985008E7FB9 /* FormModels.swift */ = {isa = PBXFileReference; fileEncoding = 4; lastKnownFileType = sourcecode.swift; path = FormModels.swift; sourceTree = "<group>"; };
		5F916B0625952985008E7FB9 /* FormInteractor.swift */ = {isa = PBXFileReference; fileEncoding = 4; lastKnownFileType = sourcecode.swift; path = FormInteractor.swift; sourceTree = "<group>"; };
		5F916B0725952985008E7FB9 /* FormViewController.swift */ = {isa = PBXFileReference; fileEncoding = 4; lastKnownFileType = sourcecode.swift; path = FormViewController.swift; sourceTree = "<group>"; };
		5F916B0825952985008E7FB9 /* FormPresenter.swift */ = {isa = PBXFileReference; fileEncoding = 4; lastKnownFileType = sourcecode.swift; path = FormPresenter.swift; sourceTree = "<group>"; };
		5F916B0A25952985008E7FB9 /* SegmentedCell.swift */ = {isa = PBXFileReference; fileEncoding = 4; lastKnownFileType = sourcecode.swift; path = SegmentedCell.swift; sourceTree = "<group>"; };
		5F916B0B25952985008E7FB9 /* TextInputCell.swift */ = {isa = PBXFileReference; fileEncoding = 4; lastKnownFileType = sourcecode.swift; path = TextInputCell.swift; sourceTree = "<group>"; };
		5F916B0C25952985008E7FB9 /* StateCell.swift */ = {isa = PBXFileReference; fileEncoding = 4; lastKnownFileType = sourcecode.swift; path = StateCell.swift; sourceTree = "<group>"; };
		5F916B0D25952985008E7FB9 /* BasicCell.swift */ = {isa = PBXFileReference; fileEncoding = 4; lastKnownFileType = sourcecode.swift; path = BasicCell.swift; sourceTree = "<group>"; };
		5F916B0E25952985008E7FB9 /* SecureInputCell.swift */ = {isa = PBXFileReference; fileEncoding = 4; lastKnownFileType = sourcecode.swift; path = SecureInputCell.swift; sourceTree = "<group>"; };
		5F916B0F25952985008E7FB9 /* TextCell.swift */ = {isa = PBXFileReference; fileEncoding = 4; lastKnownFileType = sourcecode.swift; path = TextCell.swift; sourceTree = "<group>"; };
		5F916B1025952985008E7FB9 /* ButtonCell.swift */ = {isa = PBXFileReference; fileEncoding = 4; lastKnownFileType = sourcecode.swift; path = ButtonCell.swift; sourceTree = "<group>"; };
		5F916B1125952985008E7FB9 /* SwitcherCell.swift */ = {isa = PBXFileReference; fileEncoding = 4; lastKnownFileType = sourcecode.swift; path = SwitcherCell.swift; sourceTree = "<group>"; };
		5F916B25259529AD008E7FB9 /* Font.swift */ = {isa = PBXFileReference; fileEncoding = 4; lastKnownFileType = sourcecode.swift; path = Font.swift; sourceTree = "<group>"; };
		5F916B26259529AD008E7FB9 /* Colors.swift */ = {isa = PBXFileReference; fileEncoding = 4; lastKnownFileType = sourcecode.swift; path = Colors.swift; sourceTree = "<group>"; };
		5F916B29259529AD008E7FB9 /* Bundle+Internationalization.swift */ = {isa = PBXFileReference; fileEncoding = 4; lastKnownFileType = sourcecode.swift; path = "Bundle+Internationalization.swift"; sourceTree = "<group>"; };
		5F916B2A259529AD008E7FB9 /* String+UppercaseFirst.swift */ = {isa = PBXFileReference; fileEncoding = 4; lastKnownFileType = sourcecode.swift; path = "String+UppercaseFirst.swift"; sourceTree = "<group>"; };
		5F916B2B259529AD008E7FB9 /* UIViewController+Alert.swift */ = {isa = PBXFileReference; fileEncoding = 4; lastKnownFileType = sourcecode.swift; path = "UIViewController+Alert.swift"; sourceTree = "<group>"; };
		5F916B2C259529AD008E7FB9 /* String+QR.swift */ = {isa = PBXFileReference; fileEncoding = 4; lastKnownFileType = sourcecode.swift; path = "String+QR.swift"; sourceTree = "<group>"; };
		5F916B2D259529AD008E7FB9 /* UINavigationController+PopCompletion.swift */ = {isa = PBXFileReference; fileEncoding = 4; lastKnownFileType = sourcecode.swift; path = "UINavigationController+PopCompletion.swift"; sourceTree = "<group>"; };
		5F916B2E259529AD008E7FB9 /* Date+String.swift */ = {isa = PBXFileReference; fileEncoding = 4; lastKnownFileType = sourcecode.swift; path = "Date+String.swift"; sourceTree = "<group>"; };
		5F916B2F259529AD008E7FB9 /* String+Internationalization.swift */ = {isa = PBXFileReference; fileEncoding = 4; lastKnownFileType = sourcecode.swift; path = "String+Internationalization.swift"; sourceTree = "<group>"; };
		5F916B30259529AD008E7FB9 /* Notification+Name.swift */ = {isa = PBXFileReference; fileEncoding = 4; lastKnownFileType = sourcecode.swift; path = "Notification+Name.swift"; sourceTree = "<group>"; };
		5F916B32259529AD008E7FB9 /* UISystem.swift */ = {isa = PBXFileReference; fileEncoding = 4; lastKnownFileType = sourcecode.swift; path = UISystem.swift; sourceTree = "<group>"; };
		5F916B3F259529D1008E7FB9 /* Action.swift */ = {isa = PBXFileReference; fileEncoding = 4; lastKnownFileType = sourcecode.swift; path = Action.swift; sourceTree = "<group>"; };
		5F916B40259529D1008E7FB9 /* Message.swift */ = {isa = PBXFileReference; fileEncoding = 4; lastKnownFileType = sourcecode.swift; path = Message.swift; sourceTree = "<group>"; };
		5F916B44259529F6008E7FB9 /* LanguageManager.swift */ = {isa = PBXFileReference; fileEncoding = 4; lastKnownFileType = sourcecode.swift; path = LanguageManager.swift; sourceTree = "<group>"; };
		5F916B4925952A72008E7FB9 /* QuestionViewController.swift */ = {isa = PBXFileReference; fileEncoding = 4; lastKnownFileType = sourcecode.swift; path = QuestionViewController.swift; sourceTree = "<group>"; };
		5F916B4A25952A73008E7FB9 /* QuestionRouter.swift */ = {isa = PBXFileReference; fileEncoding = 4; lastKnownFileType = sourcecode.swift; path = QuestionRouter.swift; sourceTree = "<group>"; };
		5F916B4B25952A73008E7FB9 /* QuestionPresenter.swift */ = {isa = PBXFileReference; fileEncoding = 4; lastKnownFileType = sourcecode.swift; path = QuestionPresenter.swift; sourceTree = "<group>"; };
		5F916B4C25952A73008E7FB9 /* QuestionInteractor.swift */ = {isa = PBXFileReference; fileEncoding = 4; lastKnownFileType = sourcecode.swift; path = QuestionInteractor.swift; sourceTree = "<group>"; };
		5F916B4D25952A73008E7FB9 /* QuestionsModels.swift */ = {isa = PBXFileReference; fileEncoding = 4; lastKnownFileType = sourcecode.swift; path = QuestionsModels.swift; sourceTree = "<group>"; };
		5F916B4E25952A73008E7FB9 /* QuestionWorker.swift */ = {isa = PBXFileReference; fileEncoding = 4; lastKnownFileType = sourcecode.swift; path = QuestionWorker.swift; sourceTree = "<group>"; };
		5F916B6025952EB6008E7FB9 /* Quiz.swift */ = {isa = PBXFileReference; lastKnownFileType = sourcecode.swift; path = Quiz.swift; sourceTree = "<group>"; };
		5F916B6425952ED3008E7FB9 /* Question.swift */ = {isa = PBXFileReference; lastKnownFileType = sourcecode.swift; path = Question.swift; sourceTree = "<group>"; };
		5F916B6825952F52008E7FB9 /* Choices.swift */ = {isa = PBXFileReference; lastKnownFileType = sourcecode.swift; path = Choices.swift; sourceTree = "<group>"; };
		5F916B7B259566F2008E7FB9 /* QuizzWorker.swift */ = {isa = PBXFileReference; lastKnownFileType = sourcecode.swift; path = QuizzWorker.swift; sourceTree = "<group>"; };
		5F916B7F25956D1D008E7FB9 /* ChoicesType.swift */ = {isa = PBXFileReference; lastKnownFileType = sourcecode.swift; path = ChoicesType.swift; sourceTree = "<group>"; };
		5F916B8425958330008E7FB9 /* NextQuestionResult.swift */ = {isa = PBXFileReference; lastKnownFileType = sourcecode.swift; path = NextQuestionResult.swift; sourceTree = "<group>"; };
		5F916B87259585FE008E7FB9 /* MultipleChoices.swift */ = {isa = PBXFileReference; lastKnownFileType = sourcecode.swift; path = MultipleChoices.swift; sourceTree = "<group>"; };
		5F916B8A2595861A008E7FB9 /* SingleChoices.swift */ = {isa = PBXFileReference; lastKnownFileType = sourcecode.swift; path = SingleChoices.swift; sourceTree = "<group>"; };
		5F916B9025959624008E7FB9 /* SummaryViewController.swift */ = {isa = PBXFileReference; lastKnownFileType = sourcecode.swift; path = SummaryViewController.swift; sourceTree = "<group>"; };
		5F916B94259596C9008E7FB9 /* SummaryInteractor.swift */ = {isa = PBXFileReference; lastKnownFileType = sourcecode.swift; path = SummaryInteractor.swift; sourceTree = "<group>"; };
		5F916B97259596E2008E7FB9 /* SummaryPresenter.swift */ = {isa = PBXFileReference; lastKnownFileType = sourcecode.swift; path = SummaryPresenter.swift; sourceTree = "<group>"; };
		5F916B9A259597AF008E7FB9 /* SummaryModels.swift */ = {isa = PBXFileReference; lastKnownFileType = sourcecode.swift; path = SummaryModels.swift; sourceTree = "<group>"; };
		5F916B9D25959B90008E7FB9 /* SummaryWorker.swift */ = {isa = PBXFileReference; lastKnownFileType = sourcecode.swift; path = SummaryWorker.swift; sourceTree = "<group>"; };
		5F916BA025959CF8008E7FB9 /* Rightness.swift */ = {isa = PBXFileReference; lastKnownFileType = sourcecode.swift; path = Rightness.swift; sourceTree = "<group>"; };
		5F916BA32595A969008E7FB9 /* Choice.swift */ = {isa = PBXFileReference; lastKnownFileType = sourcecode.swift; path = Choice.swift; sourceTree = "<group>"; };
		5F916BA62595A9C0008E7FB9 /* Aggregable.swift */ = {isa = PBXFileReference; lastKnownFileType = sourcecode.swift; path = Aggregable.swift; sourceTree = "<group>"; };
		5F916BA92595A9DF008E7FB9 /* Proceedable.swift */ = {isa = PBXFileReference; lastKnownFileType = sourcecode.swift; path = Proceedable.swift; sourceTree = "<group>"; };
		5F916BAD2595AA04008E7FB9 /* Answerable.swift */ = {isa = PBXFileReference; lastKnownFileType = sourcecode.swift; path = Answerable.swift; sourceTree = "<group>"; };
		5F916BB12595AA87008E7FB9 /* Verifiable.swift */ = {isa = PBXFileReference; lastKnownFileType = sourcecode.swift; path = Verifiable.swift; sourceTree = "<group>"; };
		5F916BB42595BC05008E7FB9 /* Summary.swift */ = {isa = PBXFileReference; lastKnownFileType = sourcecode.swift; path = Summary.swift; sourceTree = "<group>"; };
		5F916BB925964E28008E7FB9 /* CategoriesViewController.swift */ = {isa = PBXFileReference; lastKnownFileType = sourcecode.swift; path = CategoriesViewController.swift; sourceTree = "<group>"; };
		5F916BBD25964E89008E7FB9 /* CategoriesModels.swift */ = {isa = PBXFileReference; lastKnownFileType = sourcecode.swift; path = CategoriesModels.swift; sourceTree = "<group>"; };
		5F916BC125964EC8008E7FB9 /* CategoriesInteractor.swift */ = {isa = PBXFileReference; lastKnownFileType = sourcecode.swift; path = CategoriesInteractor.swift; sourceTree = "<group>"; };
		5F916BC72596502F008E7FB9 /* CategoriesRouter.swift */ = {isa = PBXFileReference; lastKnownFileType = sourcecode.swift; path = CategoriesRouter.swift; sourceTree = "<group>"; };
		5F916BCA25965142008E7FB9 /* CategoriesWorker.swift */ = {isa = PBXFileReference; lastKnownFileType = sourcecode.swift; path = CategoriesWorker.swift; sourceTree = "<group>"; };
		5FB53983259B4C5E00EDE27F /* CategoriesPresenter.swift */ = {isa = PBXFileReference; lastKnownFileType = sourcecode.swift; path = CategoriesPresenter.swift; sourceTree = "<group>"; };
		5FB5398B259B4D7200EDE27F /* QuizzesViewController.swift */ = {isa = PBXFileReference; lastKnownFileType = sourcecode.swift; path = QuizzesViewController.swift; sourceTree = "<group>"; };
		5FB53990259B4DC400EDE27F /* QuizzesModels.swift */ = {isa = PBXFileReference; lastKnownFileType = sourcecode.swift; path = QuizzesModels.swift; sourceTree = "<group>"; };
		5FB53994259B4F0800EDE27F /* QuizzesInteractor.swift */ = {isa = PBXFileReference; lastKnownFileType = sourcecode.swift; path = QuizzesInteractor.swift; sourceTree = "<group>"; };
		5FB53997259B4F2300EDE27F /* QuizzesRouter.swift */ = {isa = PBXFileReference; lastKnownFileType = sourcecode.swift; path = QuizzesRouter.swift; sourceTree = "<group>"; };
		5FB5399A259B4F5400EDE27F /* QuizzesPresenter.swift */ = {isa = PBXFileReference; lastKnownFileType = sourcecode.swift; path = QuizzesPresenter.swift; sourceTree = "<group>"; };
		5FB5399D259B526E00EDE27F /* QuizzesWorker.swift */ = {isa = PBXFileReference; lastKnownFileType = sourcecode.swift; path = QuizzesWorker.swift; sourceTree = "<group>"; };
		5FB539A3259CD28800EDE27F /* Settings.swift */ = {isa = PBXFileReference; lastKnownFileType = sourcecode.swift; path = Settings.swift; sourceTree = "<group>"; };
		5FBBA04225984F3000603CDC /* QuestionCell.swift */ = {isa = PBXFileReference; lastKnownFileType = sourcecode.swift; path = QuestionCell.swift; sourceTree = "<group>"; };
		703792DE9F3435875A43A25C /* Pods-QuizzFramework.debug.xcconfig */ = {isa = PBXFileReference; includeInIndex = 1; lastKnownFileType = text.xcconfig; name = "Pods-QuizzFramework.debug.xcconfig"; path = "Target Support Files/Pods-QuizzFramework/Pods-QuizzFramework.debug.xcconfig"; sourceTree = "<group>"; };
		9CC9478FD4BDA353CD8E4D79 /* Pods_QuizzFramework.framework */ = {isa = PBXFileReference; explicitFileType = wrapper.framework; includeInIndex = 0; path = Pods_QuizzFramework.framework; sourceTree = BUILT_PRODUCTS_DIR; };
/* End PBXFileReference section */

/* Begin PBXFrameworksBuildPhase section */
		5F916AC825952885008E7FB9 /* Frameworks */ = {
			isa = PBXFrameworksBuildPhase;
			buildActionMask = 2147483647;
			files = (
				F71CCF346B896443BF41F633 /* Pods_QuizzFramework.framework in Frameworks */,
			);
			runOnlyForDeploymentPostprocessing = 0;
		};
/* End PBXFrameworksBuildPhase section */

/* Begin PBXGroup section */
		5F916AC225952885008E7FB9 = {
			isa = PBXGroup;
			children = (
				5F916ACD25952885008E7FB9 /* QuizzFramework */,
				5F916ACC25952885008E7FB9 /* Products */,
				8F90EB18012D5BCF25E59C62 /* Pods */,
				E0FBE2584E2EA407128DC17A /* Frameworks */,
			);
			sourceTree = "<group>";
		};
		5F916ACC25952885008E7FB9 /* Products */ = {
			isa = PBXGroup;
			children = (
				5F916ACB25952885008E7FB9 /* QuizzFramework.app */,
			);
			name = Products;
			sourceTree = "<group>";
		};
		5F916ACD25952885008E7FB9 /* QuizzFramework */ = {
			isa = PBXGroup;
			children = (
				5F916AD025952885008E7FB9 /* SceneDelegate.swift */,
				5F916ACE25952885008E7FB9 /* AppDelegate.swift */,
				5F916B7A259566DB008E7FB9 /* Worker */,
				5F916B5D25952E76008E7FB9 /* Scenes */,
				5F916B4725952A25008E7FB9 /* Models */,
				5F916B23259529AD008E7FB9 /* UISystem */,
				5F916AD725952887008E7FB9 /* Assets.xcassets */,
				5F916AD925952887008E7FB9 /* LaunchScreen.storyboard */,
				5F916ADC25952887008E7FB9 /* Info.plist */,
			);
			path = QuizzFramework;
			sourceTree = "<group>";
		};
		5F916B0325952985008E7FB9 /* Form */ = {
			isa = PBXGroup;
			children = (
				5F916B0925952985008E7FB9 /* Cell */,
				5F916B0425952985008E7FB9 /* FormRouter.swift */,
				5F916B0525952985008E7FB9 /* FormModels.swift */,
				5F916B0625952985008E7FB9 /* FormInteractor.swift */,
				5F916B0725952985008E7FB9 /* FormViewController.swift */,
				5F916B0825952985008E7FB9 /* FormPresenter.swift */,
			);
			path = Form;
			sourceTree = "<group>";
		};
		5F916B0925952985008E7FB9 /* Cell */ = {
			isa = PBXGroup;
			children = (
				5F916B0A25952985008E7FB9 /* SegmentedCell.swift */,
				5F916B0B25952985008E7FB9 /* TextInputCell.swift */,
				5F916B0C25952985008E7FB9 /* StateCell.swift */,
				5F916B0D25952985008E7FB9 /* BasicCell.swift */,
				5F916B0E25952985008E7FB9 /* SecureInputCell.swift */,
				5F916B0F25952985008E7FB9 /* TextCell.swift */,
				5F916B1025952985008E7FB9 /* ButtonCell.swift */,
				5F916B1125952985008E7FB9 /* SwitcherCell.swift */,
				5F2A41EE25976729001E6909 /* ResultCell.swift */,
			);
			path = Cell;
			sourceTree = "<group>";
		};
		5F916B23259529AD008E7FB9 /* UISystem */ = {
			isa = PBXGroup;
			children = (
				5F916B24259529AD008E7FB9 /* Basic */,
				5F916B27259529AD008E7FB9 /* Utils */,
			);
			path = UISystem;
			sourceTree = "<group>";
		};
		5F916B24259529AD008E7FB9 /* Basic */ = {
			isa = PBXGroup;
			children = (
				5F916B25259529AD008E7FB9 /* Font.swift */,
				5F916B26259529AD008E7FB9 /* Colors.swift */,
			);
			path = Basic;
			sourceTree = "<group>";
		};
		5F916B27259529AD008E7FB9 /* Utils */ = {
			isa = PBXGroup;
			children = (
				5F916B28259529AD008E7FB9 /* Extensions */,
				5F916B31259529AD008E7FB9 /* System */,
			);
			path = Utils;
			sourceTree = "<group>";
		};
		5F916B28259529AD008E7FB9 /* Extensions */ = {
			isa = PBXGroup;
			children = (
				5F916B29259529AD008E7FB9 /* Bundle+Internationalization.swift */,
				5F916B2A259529AD008E7FB9 /* String+UppercaseFirst.swift */,
				5F916B2B259529AD008E7FB9 /* UIViewController+Alert.swift */,
				5F916B2C259529AD008E7FB9 /* String+QR.swift */,
				5F916B2D259529AD008E7FB9 /* UINavigationController+PopCompletion.swift */,
				5F916B2E259529AD008E7FB9 /* Date+String.swift */,
				5F916B2F259529AD008E7FB9 /* String+Internationalization.swift */,
				5F916B30259529AD008E7FB9 /* Notification+Name.swift */,
			);
			path = Extensions;
			sourceTree = "<group>";
		};
		5F916B31259529AD008E7FB9 /* System */ = {
			isa = PBXGroup;
			children = (
				5F916B32259529AD008E7FB9 /* UISystem.swift */,
			);
			path = System;
			sourceTree = "<group>";
		};
		5F916B4725952A25008E7FB9 /* Models */ = {
			isa = PBXGroup;
			children = (
				5F916B5F25952E9D008E7FB9 /* Logic */,
				5F916B5E25952E8B008E7FB9 /* Utils */,
			);
			path = Models;
			sourceTree = "<group>";
		};
		5F916B4825952A39008E7FB9 /* Question */ = {
			isa = PBXGroup;
			children = (
				5FBBA04525984F5000603CDC /* Cell */,
				5F916B4D25952A73008E7FB9 /* QuestionsModels.swift */,
				5F916B4925952A72008E7FB9 /* QuestionViewController.swift */,
				5F916B4C25952A73008E7FB9 /* QuestionInteractor.swift */,
				5F916B4B25952A73008E7FB9 /* QuestionPresenter.swift */,
				5F916B4E25952A73008E7FB9 /* QuestionWorker.swift */,
				5F916B4A25952A73008E7FB9 /* QuestionRouter.swift */,
			);
			path = Question;
			sourceTree = "<group>";
		};
		5F916B5D25952E76008E7FB9 /* Scenes */ = {
			isa = PBXGroup;
			children = (
				5FB5398A259B4D5C00EDE27F /* Quizzes */,
				5F916BB825964DFC008E7FB9 /* Categories */,
				5F916B8F259595FA008E7FB9 /* Summary */,
				5F916B4825952A39008E7FB9 /* Question */,
				5F916B0325952985008E7FB9 /* Form */,
			);
			path = Scenes;
			sourceTree = "<group>";
		};
		5F916B5E25952E8B008E7FB9 /* Utils */ = {
			isa = PBXGroup;
			children = (
				5F916B44259529F6008E7FB9 /* LanguageManager.swift */,
				5F916B3F259529D1008E7FB9 /* Action.swift */,
				5F916B40259529D1008E7FB9 /* Message.swift */,
				5F916B8425958330008E7FB9 /* NextQuestionResult.swift */,
			);
			path = Utils;
			sourceTree = "<group>";
		};
		5F916B5F25952E9D008E7FB9 /* Logic */ = {
			isa = PBXGroup;
			children = (
				5F916BAC2595A9E6008E7FB9 /* Protocols */,
				5F916B6025952EB6008E7FB9 /* Quiz.swift */,
				5F916B6425952ED3008E7FB9 /* Question.swift */,
				5F916B6825952F52008E7FB9 /* Choices.swift */,
				5F916B7F25956D1D008E7FB9 /* ChoicesType.swift */,
				5F916B87259585FE008E7FB9 /* MultipleChoices.swift */,
				5F916B8A2595861A008E7FB9 /* SingleChoices.swift */,
				5F916BA025959CF8008E7FB9 /* Rightness.swift */,
				5F916BA32595A969008E7FB9 /* Choice.swift */,
				5F916BB42595BC05008E7FB9 /* Summary.swift */,
				5F8D298D259AD4830024DA22 /* Category.swift */,
				5F8D2990259AD50F0024DA22 /* QuizRef.swift */,
			);
			path = Logic;
			sourceTree = "<group>";
		};
		5F916B7A259566DB008E7FB9 /* Worker */ = {
			isa = PBXGroup;
			children = (
				5F916B7B259566F2008E7FB9 /* QuizzWorker.swift */,
				5FB539A3259CD28800EDE27F /* Settings.swift */,
			);
			path = Worker;
			sourceTree = "<group>";
		};
		5F916B8F259595FA008E7FB9 /* Summary */ = {
			isa = PBXGroup;
			children = (
				5F916B9025959624008E7FB9 /* SummaryViewController.swift */,
				5F916B94259596C9008E7FB9 /* SummaryInteractor.swift */,
				5F916B97259596E2008E7FB9 /* SummaryPresenter.swift */,
				5F916B9A259597AF008E7FB9 /* SummaryModels.swift */,
				5F916B9D25959B90008E7FB9 /* SummaryWorker.swift */,
				5F2A41FA259799D9001E6909 /* SummaryRouter.swift */,
			);
			path = Summary;
			sourceTree = "<group>";
		};
		5F916BAC2595A9E6008E7FB9 /* Protocols */ = {
			isa = PBXGroup;
			children = (
				5F916BA62595A9C0008E7FB9 /* Aggregable.swift */,
				5F916BA92595A9DF008E7FB9 /* Proceedable.swift */,
				5F916BAD2595AA04008E7FB9 /* Answerable.swift */,
				5F916BB12595AA87008E7FB9 /* Verifiable.swift */,
			);
			path = Protocols;
			sourceTree = "<group>";
		};
		5F916BB825964DFC008E7FB9 /* Categories */ = {
			isa = PBXGroup;
			children = (
				5F916BBD25964E89008E7FB9 /* CategoriesModels.swift */,
				5F916BB925964E28008E7FB9 /* CategoriesViewController.swift */,
				5F916BC125964EC8008E7FB9 /* CategoriesInteractor.swift */,
				5F916BC72596502F008E7FB9 /* CategoriesRouter.swift */,
				5F916BCA25965142008E7FB9 /* CategoriesWorker.swift */,
				5FB53983259B4C5E00EDE27F /* CategoriesPresenter.swift */,
			);
			path = Categories;
			sourceTree = "<group>";
		};
		5FB5398A259B4D5C00EDE27F /* Quizzes */ = {
			isa = PBXGroup;
			children = (
				5FB5398B259B4D7200EDE27F /* QuizzesViewController.swift */,
				5FB53990259B4DC400EDE27F /* QuizzesModels.swift */,
				5FB53994259B4F0800EDE27F /* QuizzesInteractor.swift */,
				5FB53997259B4F2300EDE27F /* QuizzesRouter.swift */,
				5FB5399A259B4F5400EDE27F /* QuizzesPresenter.swift */,
				5FB5399D259B526E00EDE27F /* QuizzesWorker.swift */,
			);
			path = Quizzes;
			sourceTree = "<group>";
		};
		5FBBA04525984F5000603CDC /* Cell */ = {
			isa = PBXGroup;
			children = (
				5FBBA04225984F3000603CDC /* QuestionCell.swift */,
			);
			path = Cell;
			sourceTree = "<group>";
		};
		8F90EB18012D5BCF25E59C62 /* Pods */ = {
			isa = PBXGroup;
			children = (
				703792DE9F3435875A43A25C /* Pods-QuizzFramework.debug.xcconfig */,
				2B96A656A4B470EF467574DD /* Pods-QuizzFramework.release.xcconfig */,
			);
			path = Pods;
			sourceTree = "<group>";
		};
		E0FBE2584E2EA407128DC17A /* Frameworks */ = {
			isa = PBXGroup;
			children = (
				9CC9478FD4BDA353CD8E4D79 /* Pods_QuizzFramework.framework */,
			);
			name = Frameworks;
			sourceTree = "<group>";
		};
/* End PBXGroup section */

/* Begin PBXNativeTarget section */
		5F916ACA25952885008E7FB9 /* QuizzFramework */ = {
			isa = PBXNativeTarget;
			buildConfigurationList = 5F916ADF25952887008E7FB9 /* Build configuration list for PBXNativeTarget "QuizzFramework" */;
			buildPhases = (
				B086CFA88AE2220B53AE8341 /* [CP] Check Pods Manifest.lock */,
				5F916AC725952885008E7FB9 /* Sources */,
				5F916AC825952885008E7FB9 /* Frameworks */,
				5F916AC925952885008E7FB9 /* Resources */,
				B68C3945237520A351687970 /* [CP] Embed Pods Frameworks */,
			);
			buildRules = (
			);
			dependencies = (
			);
			name = QuizzFramework;
			productName = QuizzFramework;
			productReference = 5F916ACB25952885008E7FB9 /* QuizzFramework.app */;
			productType = "com.apple.product-type.application";
		};
/* End PBXNativeTarget section */

/* Begin PBXProject section */
		5F916AC325952885008E7FB9 /* Project object */ = {
			isa = PBXProject;
			attributes = {
				LastSwiftUpdateCheck = 1220;
				LastUpgradeCheck = 1220;
				TargetAttributes = {
					5F916ACA25952885008E7FB9 = {
						CreatedOnToolsVersion = 12.2;
					};
				};
			};
			buildConfigurationList = 5F916AC625952885008E7FB9 /* Build configuration list for PBXProject "QuizzFramework" */;
			compatibilityVersion = "Xcode 9.3";
			developmentRegion = en;
			hasScannedForEncodings = 0;
			knownRegions = (
				en,
				Base,
			);
			mainGroup = 5F916AC225952885008E7FB9;
			productRefGroup = 5F916ACC25952885008E7FB9 /* Products */;
			projectDirPath = "";
			projectRoot = "";
			targets = (
				5F916ACA25952885008E7FB9 /* QuizzFramework */,
			);
		};
/* End PBXProject section */

/* Begin PBXResourcesBuildPhase section */
		5F916AC925952885008E7FB9 /* Resources */ = {
			isa = PBXResourcesBuildPhase;
			buildActionMask = 2147483647;
			files = (
				5F916ADB25952887008E7FB9 /* LaunchScreen.storyboard in Resources */,
				5F916AD825952887008E7FB9 /* Assets.xcassets in Resources */,
			);
			runOnlyForDeploymentPostprocessing = 0;
		};
/* End PBXResourcesBuildPhase section */

/* Begin PBXShellScriptBuildPhase section */
		B086CFA88AE2220B53AE8341 /* [CP] Check Pods Manifest.lock */ = {
			isa = PBXShellScriptBuildPhase;
			buildActionMask = 2147483647;
			files = (
			);
			inputFileListPaths = (
			);
			inputPaths = (
				"${PODS_PODFILE_DIR_PATH}/Podfile.lock",
				"${PODS_ROOT}/Manifest.lock",
			);
			name = "[CP] Check Pods Manifest.lock";
			outputFileListPaths = (
			);
			outputPaths = (
				"$(DERIVED_FILE_DIR)/Pods-QuizzFramework-checkManifestLockResult.txt",
			);
			runOnlyForDeploymentPostprocessing = 0;
			shellPath = /bin/sh;
			shellScript = "diff \"${PODS_PODFILE_DIR_PATH}/Podfile.lock\" \"${PODS_ROOT}/Manifest.lock\" > /dev/null\nif [ $? != 0 ] ; then\n    # print error to STDERR\n    echo \"error: The sandbox is not in sync with the Podfile.lock. Run 'pod install' or update your CocoaPods installation.\" >&2\n    exit 1\nfi\n# This output is used by Xcode 'outputs' to avoid re-running this script phase.\necho \"SUCCESS\" > \"${SCRIPT_OUTPUT_FILE_0}\"\n";
			showEnvVarsInLog = 0;
		};
		B68C3945237520A351687970 /* [CP] Embed Pods Frameworks */ = {
			isa = PBXShellScriptBuildPhase;
			buildActionMask = 2147483647;
			files = (
			);
			inputFileListPaths = (
				"${PODS_ROOT}/Target Support Files/Pods-QuizzFramework/Pods-QuizzFramework-frameworks-${CONFIGURATION}-input-files.xcfilelist",
			);
			name = "[CP] Embed Pods Frameworks";
			outputFileListPaths = (
				"${PODS_ROOT}/Target Support Files/Pods-QuizzFramework/Pods-QuizzFramework-frameworks-${CONFIGURATION}-output-files.xcfilelist",
			);
			runOnlyForDeploymentPostprocessing = 0;
			shellPath = /bin/sh;
			shellScript = "\"${PODS_ROOT}/Target Support Files/Pods-QuizzFramework/Pods-QuizzFramework-frameworks.sh\"\n";
			showEnvVarsInLog = 0;
		};
/* End PBXShellScriptBuildPhase section */

/* Begin PBXSourcesBuildPhase section */
		5F916AC725952885008E7FB9 /* Sources */ = {
			isa = PBXSourcesBuildPhase;
			buildActionMask = 2147483647;
			files = (
				5FB5399B259B4F5400EDE27F /* QuizzesPresenter.swift in Sources */,
				5F916B9B259597AF008E7FB9 /* SummaryModels.swift in Sources */,
				5F916B1B25952985008E7FB9 /* BasicCell.swift in Sources */,
				5FB53998259B4F2300EDE27F /* QuizzesRouter.swift in Sources */,
				5F916BBE25964E89008E7FB9 /* CategoriesModels.swift in Sources */,
				5F916B8025956D1D008E7FB9 /* ChoicesType.swift in Sources */,
				5F916B6925952F52008E7FB9 /* Choices.swift in Sources */,
				5FB53991259B4DC400EDE27F /* QuizzesModels.swift in Sources */,
				5FBBA04325984F3000603CDC /* QuestionCell.swift in Sources */,
				5FB53984259B4C5E00EDE27F /* CategoriesPresenter.swift in Sources */,
				5F2A41EF25976729001E6909 /* ResultCell.swift in Sources */,
				5F916B8B2595861A008E7FB9 /* SingleChoices.swift in Sources */,
				5F916B1625952985008E7FB9 /* FormViewController.swift in Sources */,
				5F916BC82596502F008E7FB9 /* CategoriesRouter.swift in Sources */,
				5F916BB52595BC05008E7FB9 /* Summary.swift in Sources */,
				5F916B1425952985008E7FB9 /* FormModels.swift in Sources */,
				5F916B5225952A73008E7FB9 /* QuestionInteractor.swift in Sources */,
				5F916B5125952A73008E7FB9 /* QuestionPresenter.swift in Sources */,
				5F916B1F25952985008E7FB9 /* SwitcherCell.swift in Sources */,
				5F916B1925952985008E7FB9 /* TextInputCell.swift in Sources */,
				5F916B98259596E2008E7FB9 /* SummaryPresenter.swift in Sources */,
				5F916BA42595A969008E7FB9 /* Choice.swift in Sources */,
				5F916B88259585FE008E7FB9 /* MultipleChoices.swift in Sources */,
				5F916B1A25952985008E7FB9 /* StateCell.swift in Sources */,
				5FB539A4259CD28800EDE27F /* Settings.swift in Sources */,
				5F916BAE2595AA04008E7FB9 /* Answerable.swift in Sources */,
				5F916B45259529F6008E7FB9 /* LanguageManager.swift in Sources */,
				5F916B4F25952A73008E7FB9 /* QuestionViewController.swift in Sources */,
				5F916B1D25952985008E7FB9 /* TextCell.swift in Sources */,
				5F916B38259529AD008E7FB9 /* String+QR.swift in Sources */,
				5F916ACF25952885008E7FB9 /* AppDelegate.swift in Sources */,
				5F916B6525952ED3008E7FB9 /* Question.swift in Sources */,
				5F916B3B259529AD008E7FB9 /* String+Internationalization.swift in Sources */,
				5FB5399E259B526E00EDE27F /* QuizzesWorker.swift in Sources */,
				5F916BBA25964E28008E7FB9 /* CategoriesViewController.swift in Sources */,
				5F916BC225964EC8008E7FB9 /* CategoriesInteractor.swift in Sources */,
				5F916B5425952A73008E7FB9 /* QuestionWorker.swift in Sources */,
				5F916BAA2595A9DF008E7FB9 /* Proceedable.swift in Sources */,
				5F916B7C259566F2008E7FB9 /* QuizzWorker.swift in Sources */,
				5F916B1C25952985008E7FB9 /* SecureInputCell.swift in Sources */,
				5F8D2991259AD50F0024DA22 /* QuizRef.swift in Sources */,
				5FB53995259B4F0800EDE27F /* QuizzesInteractor.swift in Sources */,
				5F916BB22595AA87008E7FB9 /* Verifiable.swift in Sources */,
				5F916B5325952A73008E7FB9 /* QuestionsModels.swift in Sources */,
				5F916B39259529AD008E7FB9 /* UINavigationController+PopCompletion.swift in Sources */,
				5F916B5025952A73008E7FB9 /* QuestionRouter.swift in Sources */,
				5F916BA72595A9C0008E7FB9 /* Aggregable.swift in Sources */,
				5F916B41259529D1008E7FB9 /* Action.swift in Sources */,
				5F916B1825952985008E7FB9 /* SegmentedCell.swift in Sources */,
				5F916B3A259529AD008E7FB9 /* Date+String.swift in Sources */,
				5F916B1E25952985008E7FB9 /* ButtonCell.swift in Sources */,
				5F916B3D259529AD008E7FB9 /* UISystem.swift in Sources */,
				5F916B34259529AD008E7FB9 /* Colors.swift in Sources */,
				5F916B35259529AD008E7FB9 /* Bundle+Internationalization.swift in Sources */,
				5F916B1725952985008E7FB9 /* FormPresenter.swift in Sources */,
				5F916B9E25959B90008E7FB9 /* SummaryWorker.swift in Sources */,
				5F916B37259529AD008E7FB9 /* UIViewController+Alert.swift in Sources */,
				5F916BA125959CF8008E7FB9 /* Rightness.swift in Sources */,
				5F916B36259529AD008E7FB9 /* String+UppercaseFirst.swift in Sources */,
				5F916BCB25965142008E7FB9 /* CategoriesWorker.swift in Sources */,
				5F916B33259529AD008E7FB9 /* Font.swift in Sources */,
				5F916B1325952985008E7FB9 /* FormRouter.swift in Sources */,
				5F916B1525952985008E7FB9 /* FormInteractor.swift in Sources */,
				5F916B42259529D1008E7FB9 /* Message.swift in Sources */,
				5F916AD125952885008E7FB9 /* SceneDelegate.swift in Sources */,
				5F916B3C259529AD008E7FB9 /* Notification+Name.swift in Sources */,
				5F2A41FB259799D9001E6909 /* SummaryRouter.swift in Sources */,
				5F916B8525958330008E7FB9 /* NextQuestionResult.swift in Sources */,
				5F8D298E259AD4830024DA22 /* Category.swift in Sources */,
				5FB5398C259B4D7200EDE27F /* QuizzesViewController.swift in Sources */,
				5F916B95259596C9008E7FB9 /* SummaryInteractor.swift in Sources */,
				5F916B6125952EB6008E7FB9 /* Quiz.swift in Sources */,
				5F916B9125959624008E7FB9 /* SummaryViewController.swift in Sources */,
			);
			runOnlyForDeploymentPostprocessing = 0;
		};
/* End PBXSourcesBuildPhase section */

/* Begin PBXVariantGroup section */
		5F916AD925952887008E7FB9 /* LaunchScreen.storyboard */ = {
			isa = PBXVariantGroup;
			children = (
				5F916ADA25952887008E7FB9 /* Base */,
			);
			name = LaunchScreen.storyboard;
			sourceTree = "<group>";
		};
/* End PBXVariantGroup section */

/* Begin XCBuildConfiguration section */
		5F916ADD25952887008E7FB9 /* Debug */ = {
			isa = XCBuildConfiguration;
			buildSettings = {
				ALWAYS_SEARCH_USER_PATHS = NO;
				CLANG_ANALYZER_NONNULL = YES;
				CLANG_ANALYZER_NUMBER_OBJECT_CONVERSION = YES_AGGRESSIVE;
				CLANG_CXX_LANGUAGE_STANDARD = "gnu++14";
				CLANG_CXX_LIBRARY = "libc++";
				CLANG_ENABLE_MODULES = YES;
				CLANG_ENABLE_OBJC_ARC = YES;
				CLANG_ENABLE_OBJC_WEAK = YES;
				CLANG_WARN_BLOCK_CAPTURE_AUTORELEASING = YES;
				CLANG_WARN_BOOL_CONVERSION = YES;
				CLANG_WARN_COMMA = YES;
				CLANG_WARN_CONSTANT_CONVERSION = YES;
				CLANG_WARN_DEPRECATED_OBJC_IMPLEMENTATIONS = YES;
				CLANG_WARN_DIRECT_OBJC_ISA_USAGE = YES_ERROR;
				CLANG_WARN_DOCUMENTATION_COMMENTS = YES;
				CLANG_WARN_EMPTY_BODY = YES;
				CLANG_WARN_ENUM_CONVERSION = YES;
				CLANG_WARN_INFINITE_RECURSION = YES;
				CLANG_WARN_INT_CONVERSION = YES;
				CLANG_WARN_NON_LITERAL_NULL_CONVERSION = YES;
				CLANG_WARN_OBJC_IMPLICIT_RETAIN_SELF = YES;
				CLANG_WARN_OBJC_LITERAL_CONVERSION = YES;
				CLANG_WARN_OBJC_ROOT_CLASS = YES_ERROR;
				CLANG_WARN_QUOTED_INCLUDE_IN_FRAMEWORK_HEADER = YES;
				CLANG_WARN_RANGE_LOOP_ANALYSIS = YES;
				CLANG_WARN_STRICT_PROTOTYPES = YES;
				CLANG_WARN_SUSPICIOUS_MOVE = YES;
				CLANG_WARN_UNGUARDED_AVAILABILITY = YES_AGGRESSIVE;
				CLANG_WARN_UNREACHABLE_CODE = YES;
				CLANG_WARN__DUPLICATE_METHOD_MATCH = YES;
				COPY_PHASE_STRIP = NO;
				DEBUG_INFORMATION_FORMAT = dwarf;
				ENABLE_STRICT_OBJC_MSGSEND = YES;
				ENABLE_TESTABILITY = YES;
				GCC_C_LANGUAGE_STANDARD = gnu11;
				GCC_DYNAMIC_NO_PIC = NO;
				GCC_NO_COMMON_BLOCKS = YES;
				GCC_OPTIMIZATION_LEVEL = 0;
				GCC_PREPROCESSOR_DEFINITIONS = (
					"DEBUG=1",
					"$(inherited)",
				);
				GCC_WARN_64_TO_32_BIT_CONVERSION = YES;
				GCC_WARN_ABOUT_RETURN_TYPE = YES_ERROR;
				GCC_WARN_UNDECLARED_SELECTOR = YES;
				GCC_WARN_UNINITIALIZED_AUTOS = YES_AGGRESSIVE;
				GCC_WARN_UNUSED_FUNCTION = YES;
				GCC_WARN_UNUSED_VARIABLE = YES;
				IPHONEOS_DEPLOYMENT_TARGET = 14.0;
				MTL_ENABLE_DEBUG_INFO = INCLUDE_SOURCE;
				MTL_FAST_MATH = YES;
				ONLY_ACTIVE_ARCH = YES;
				SDKROOT = iphoneos;
				SWIFT_ACTIVE_COMPILATION_CONDITIONS = DEBUG;
				SWIFT_OPTIMIZATION_LEVEL = "-Onone";
			};
			name = Debug;
		};
		5F916ADE25952887008E7FB9 /* Release */ = {
			isa = XCBuildConfiguration;
			buildSettings = {
				ALWAYS_SEARCH_USER_PATHS = NO;
				CLANG_ANALYZER_NONNULL = YES;
				CLANG_ANALYZER_NUMBER_OBJECT_CONVERSION = YES_AGGRESSIVE;
				CLANG_CXX_LANGUAGE_STANDARD = "gnu++14";
				CLANG_CXX_LIBRARY = "libc++";
				CLANG_ENABLE_MODULES = YES;
				CLANG_ENABLE_OBJC_ARC = YES;
				CLANG_ENABLE_OBJC_WEAK = YES;
				CLANG_WARN_BLOCK_CAPTURE_AUTORELEASING = YES;
				CLANG_WARN_BOOL_CONVERSION = YES;
				CLANG_WARN_COMMA = YES;
				CLANG_WARN_CONSTANT_CONVERSION = YES;
				CLANG_WARN_DEPRECATED_OBJC_IMPLEMENTATIONS = YES;
				CLANG_WARN_DIRECT_OBJC_ISA_USAGE = YES_ERROR;
				CLANG_WARN_DOCUMENTATION_COMMENTS = YES;
				CLANG_WARN_EMPTY_BODY = YES;
				CLANG_WARN_ENUM_CONVERSION = YES;
				CLANG_WARN_INFINITE_RECURSION = YES;
				CLANG_WARN_INT_CONVERSION = YES;
				CLANG_WARN_NON_LITERAL_NULL_CONVERSION = YES;
				CLANG_WARN_OBJC_IMPLICIT_RETAIN_SELF = YES;
				CLANG_WARN_OBJC_LITERAL_CONVERSION = YES;
				CLANG_WARN_OBJC_ROOT_CLASS = YES_ERROR;
				CLANG_WARN_QUOTED_INCLUDE_IN_FRAMEWORK_HEADER = YES;
				CLANG_WARN_RANGE_LOOP_ANALYSIS = YES;
				CLANG_WARN_STRICT_PROTOTYPES = YES;
				CLANG_WARN_SUSPICIOUS_MOVE = YES;
				CLANG_WARN_UNGUARDED_AVAILABILITY = YES_AGGRESSIVE;
				CLANG_WARN_UNREACHABLE_CODE = YES;
				CLANG_WARN__DUPLICATE_METHOD_MATCH = YES;
				COPY_PHASE_STRIP = NO;
				DEBUG_INFORMATION_FORMAT = "dwarf-with-dsym";
				ENABLE_NS_ASSERTIONS = NO;
				ENABLE_STRICT_OBJC_MSGSEND = YES;
				GCC_C_LANGUAGE_STANDARD = gnu11;
				GCC_NO_COMMON_BLOCKS = YES;
				GCC_WARN_64_TO_32_BIT_CONVERSION = YES;
				GCC_WARN_ABOUT_RETURN_TYPE = YES_ERROR;
				GCC_WARN_UNDECLARED_SELECTOR = YES;
				GCC_WARN_UNINITIALIZED_AUTOS = YES_AGGRESSIVE;
				GCC_WARN_UNUSED_FUNCTION = YES;
				GCC_WARN_UNUSED_VARIABLE = YES;
				IPHONEOS_DEPLOYMENT_TARGET = 14.0;
				MTL_ENABLE_DEBUG_INFO = NO;
				MTL_FAST_MATH = YES;
				SDKROOT = iphoneos;
				SWIFT_COMPILATION_MODE = wholemodule;
				SWIFT_OPTIMIZATION_LEVEL = "-O";
				VALIDATE_PRODUCT = YES;
			};
			name = Release;
		};
		5F916AE025952887008E7FB9 /* Debug */ = {
			isa = XCBuildConfiguration;
			baseConfigurationReference = 703792DE9F3435875A43A25C /* Pods-QuizzFramework.debug.xcconfig */;
			buildSettings = {
				ASSETCATALOG_COMPILER_APPICON_NAME = AppIcon;
				ASSETCATALOG_COMPILER_GLOBAL_ACCENT_COLOR_NAME = AccentColor;
				CODE_SIGN_STYLE = Automatic;
				CURRENT_PROJECT_VERSION = 5;
				DEVELOPMENT_TEAM = BAJCWWQ6Q6;
				INFOPLIST_FILE = QuizzFramework/Info.plist;
				IPHONEOS_DEPLOYMENT_TARGET = 14.0;
				LD_RUNPATH_SEARCH_PATHS = (
					"$(inherited)",
					"@executable_path/Frameworks",
				);
				MARKETING_VERSION = 1.0.1;
				PRODUCT_BUNDLE_IDENTIFIER = centmoinshuit.KnowledgeProof;
				PRODUCT_NAME = "$(TARGET_NAME)";
				SWIFT_VERSION = 5.0;
				TARGETED_DEVICE_FAMILY = 1;
			};
			name = Debug;
		};
		5F916AE125952887008E7FB9 /* Release */ = {
			isa = XCBuildConfiguration;
			baseConfigurationReference = 2B96A656A4B470EF467574DD /* Pods-QuizzFramework.release.xcconfig */;
			buildSettings = {
				ASSETCATALOG_COMPILER_APPICON_NAME = AppIcon;
				ASSETCATALOG_COMPILER_GLOBAL_ACCENT_COLOR_NAME = AccentColor;
				CODE_SIGN_STYLE = Automatic;
				CURRENT_PROJECT_VERSION = 5;
				DEVELOPMENT_TEAM = BAJCWWQ6Q6;
				INFOPLIST_FILE = QuizzFramework/Info.plist;
				IPHONEOS_DEPLOYMENT_TARGET = 14.0;
				LD_RUNPATH_SEARCH_PATHS = (
					"$(inherited)",
					"@executable_path/Frameworks",
				);
				MARKETING_VERSION = 1.0.1;
				PRODUCT_BUNDLE_IDENTIFIER = centmoinshuit.KnowledgeProof;
				PRODUCT_NAME = "$(TARGET_NAME)";
				SWIFT_VERSION = 5.0;
				TARGETED_DEVICE_FAMILY = 1;
			};
			name = Release;
		};
/* End XCBuildConfiguration section */

/* Begin XCConfigurationList section */
		5F916AC625952885008E7FB9 /* Build configuration list for PBXProject "QuizzFramework" */ = {
			isa = XCConfigurationList;
			buildConfigurations = (
				5F916ADD25952887008E7FB9 /* Debug */,
				5F916ADE25952887008E7FB9 /* Release */,
			);
			defaultConfigurationIsVisible = 0;
			defaultConfigurationName = Release;
		};
		5F916ADF25952887008E7FB9 /* Build configuration list for PBXNativeTarget "QuizzFramework" */ = {
			isa = XCConfigurationList;
			buildConfigurations = (
				5F916AE025952887008E7FB9 /* Debug */,
				5F916AE125952887008E7FB9 /* Release */,
			);
			defaultConfigurationIsVisible = 0;
			defaultConfigurationName = Release;
		};
/* End XCConfigurationList section */
	};
	rootObject = 5F916AC325952885008E7FB9 /* Project object */;
}
